
Microsoft Visual Studio Solution File, Format Version 12.00
# Visual Studio 15
VisualStudioVersion = 15.0.26228.76
MinimumVisualStudioVersion = 10.0.40219.1
Project("{FAE04EC0-301F-11D3-BF4B-00C04F79EFBC}") = "Brain", "Brain\Brain.csproj", "{474B11C8-6414-4A17-8B7B-710AA73D1E60}"
EndProject
Project("{FAE04EC0-301F-11D3-BF4B-00C04F79EFBC}") = "BrainData", "Data\BrainData.contentproj", "{7EA743A8-D73B-4613-A91A-DBBB2F3FC2BD}"
EndProject
Project("{FAE04EC0-301F-11D3-BF4B-00C04F79EFBC}") = "FNA", "FNA\FNA.csproj", "{35253CE1-C864-4CD3-8249-4D1319748E8F}"
EndProject
Global
	GlobalSection(SolutionConfigurationPlatforms) = preSolution
		Debug|Any CPU = Debug|Any CPU
		Debug|x64 = Debug|x64
		Debug|x86 = Debug|x86
		Release|Any CPU = Release|Any CPU
		Release|x64 = Release|x64
		Release|x86 = Release|x86
	EndGlobalSection
	GlobalSection(ProjectConfigurationPlatforms) = postSolution
		{474B11C8-6414-4A17-8B7B-710AA73D1E60}.Debug|Any CPU.ActiveCfg = Debug|x86
		{474B11C8-6414-4A17-8B7B-710AA73D1E60}.Debug|Any CPU.Build.0 = Debug|x86
		{474B11C8-6414-4A17-8B7B-710AA73D1E60}.Debug|x64.ActiveCfg = Debug|x86
		{474B11C8-6414-4A17-8B7B-710AA73D1E60}.Debug|x86.ActiveCfg = Debug|x86
		{474B11C8-6414-4A17-8B7B-710AA73D1E60}.Debug|x86.Build.0 = Debug|x86
		{474B11C8-6414-4A17-8B7B-710AA73D1E60}.Release|Any CPU.ActiveCfg = Release|x86
		{474B11C8-6414-4A17-8B7B-710AA73D1E60}.Release|Any CPU.Build.0 = Release|x86
		{474B11C8-6414-4A17-8B7B-710AA73D1E60}.Release|x64.ActiveCfg = Release|x86
		{474B11C8-6414-4A17-8B7B-710AA73D1E60}.Release|x86.ActiveCfg = Release|x86
		{474B11C8-6414-4A17-8B7B-710AA73D1E60}.Release|x86.Build.0 = Release|x86
		{7EA743A8-D73B-4613-A91A-DBBB2F3FC2BD}.Debug|Any CPU.ActiveCfg = Debug|x86
		{7EA743A8-D73B-4613-A91A-DBBB2F3FC2BD}.Debug|x64.ActiveCfg = Debug|x86
		{7EA743A8-D73B-4613-A91A-DBBB2F3FC2BD}.Debug|x86.ActiveCfg = Debug|x86
		{7EA743A8-D73B-4613-A91A-DBBB2F3FC2BD}.Release|Any CPU.ActiveCfg = Release|x86
		{7EA743A8-D73B-4613-A91A-DBBB2F3FC2BD}.Release|x64.ActiveCfg = Release|x86
		{7EA743A8-D73B-4613-A91A-DBBB2F3FC2BD}.Release|x86.ActiveCfg = Release|x86
		{35253CE1-C864-4CD3-8249-4D1319748E8F}.Debug|Any CPU.ActiveCfg = Debug|Any CPU
		{35253CE1-C864-4CD3-8249-4D1319748E8F}.Debug|Any CPU.Build.0 = Debug|Any CPU
		{35253CE1-C864-4CD3-8249-4D1319748E8F}.Debug|x64.ActiveCfg = Debug|x64
		{35253CE1-C864-4CD3-8249-4D1319748E8F}.Debug|x64.Build.0 = Debug|x64
		{35253CE1-C864-4CD3-8249-4D1319748E8F}.Debug|x86.ActiveCfg = Debug|x86
		{35253CE1-C864-4CD3-8249-4D1319748E8F}.Debug|x86.Build.0 = Debug|x86
		{35253CE1-C864-4CD3-8249-4D1319748E8F}.Release|Any CPU.ActiveCfg = Release|Any CPU
		{35253CE1-C864-4CD3-8249-4D1319748E8F}.Release|Any CPU.Build.0 = Release|Any CPU
		{35253CE1-C864-4CD3-8249-4D1319748E8F}.Release|x64.ActiveCfg = Release|x64
		{35253CE1-C864-4CD3-8249-4D1319748E8F}.Release|x64.Build.0 = Release|x64
		{35253CE1-C864-4CD3-8249-4D1319748E8F}.Release|x86.ActiveCfg = Release|x86
		{35253CE1-C864-4CD3-8249-4D1319748E8F}.Release|x86.Build.0 = Release|x86
	EndGlobalSection
	GlobalSection(SolutionProperties) = preSolution
		HideSolutionNode = FALSE
	EndGlobalSection
	GlobalSection(ExtensibilityGlobals) = postSolution
		SolutionGuid = {0450B45F-C9E6-4881-9269-D976EBFA52D9}
	EndGlobalSection
EndGlobal
